
Microsoft Visual Studio Solution File, Format Version 12.00
# Visual Studio 15
VisualStudioVersion = 15.0.27428.1
MinimumVisualStudioVersion = 10.0.40219.1
Project("{9A19103F-16F7-4668-BE54-9A1E7A4F7556}") = "TDD3.Xtests", "TDD3.Xtests\TDD3.Xtests.csproj", "{45D2D637-873B-40CB-A6B9-DC54281E6C24}"
EndProject
Project("{FAE04EC0-301F-11D3-BF4B-00C04F79EFBC}") = "TDD3", "TDD3\TDD3.csproj", "{C9F48ADE-C44C-4D44-B79D-88524B95ACF1}"
EndProject
Global
	GlobalSection(SolutionConfigurationPlatforms) = preSolution
		Debug|Any CPU = Debug|Any CPU
		Release|Any CPU = Release|Any CPU
	EndGlobalSection
	GlobalSection(ProjectConfigurationPlatforms) = postSolution
		{45D2D637-873B-40CB-A6B9-DC54281E6C24}.Debug|Any CPU.ActiveCfg = Debug|Any CPU
		{45D2D637-873B-40CB-A6B9-DC54281E6C24}.Debug|Any CPU.Build.0 = Debug|Any CPU
		{45D2D637-873B-40CB-A6B9-DC54281E6C24}.Release|Any CPU.ActiveCfg = Release|Any CPU
		{45D2D637-873B-40CB-A6B9-DC54281E6C24}.Release|Any CPU.Build.0 = Release|Any CPU
		{C9F48ADE-C44C-4D44-B79D-88524B95ACF1}.Debug|Any CPU.ActiveCfg = Debug|Any CPU
		{C9F48ADE-C44C-4D44-B79D-88524B95ACF1}.Debug|Any CPU.Build.0 = Debug|Any CPU
		{C9F48ADE-C44C-4D44-B79D-88524B95ACF1}.Release|Any CPU.ActiveCfg = Release|Any CPU
		{C9F48ADE-C44C-4D44-B79D-88524B95ACF1}.Release|Any CPU.Build.0 = Release|Any CPU
	EndGlobalSection
	GlobalSection(SolutionProperties) = preSolution
		HideSolutionNode = FALSE
	EndGlobalSection
	GlobalSection(ExtensibilityGlobals) = postSolution
		SolutionGuid = {C815BA3E-1E16-4ED2-A37E-C28459EB4163}
	EndGlobalSection
EndGlobal
